
Microsoft Visual Studio Solution File, Format Version 12.00
# Visual Studio Version 17
VisualStudioVersion = 17.5.33424.131
MinimumVisualStudioVersion = 10.0.40219.1
Project("{FAE04EC0-301F-11D3-BF4B-00C04F79EFBC}") = "Class04_Homework_Task01", "Class04_Homework_Task01\Class04_Homework_Task01.csproj", "{0FC52DCF-9B8F-482C-BF1C-2E1F3C2D4E55}"
EndProject
Project("{FAE04EC0-301F-11D3-BF4B-00C04F79EFBC}") = "Models", "Models\Models.csproj", "{03DBBA15-80D0-4552-AA26-26AF7E0E828B}"
EndProject
Global
	GlobalSection(SolutionConfigurationPlatforms) = preSolution
		Debug|Any CPU = Debug|Any CPU
		Release|Any CPU = Release|Any CPU
	EndGlobalSection
	GlobalSection(ProjectConfigurationPlatforms) = postSolution
		{0FC52DCF-9B8F-482C-BF1C-2E1F3C2D4E55}.Debug|Any CPU.ActiveCfg = Debug|Any CPU
		{0FC52DCF-9B8F-482C-BF1C-2E1F3C2D4E55}.Debug|Any CPU.Build.0 = Debug|Any CPU
		{0FC52DCF-9B8F-482C-BF1C-2E1F3C2D4E55}.Release|Any CPU.ActiveCfg = Release|Any CPU
		{0FC52DCF-9B8F-482C-BF1C-2E1F3C2D4E55}.Release|Any CPU.Build.0 = Release|Any CPU
		{03DBBA15-80D0-4552-AA26-26AF7E0E828B}.Debug|Any CPU.ActiveCfg = Debug|Any CPU
		{03DBBA15-80D0-4552-AA26-26AF7E0E828B}.Debug|Any CPU.Build.0 = Debug|Any CPU
		{03DBBA15-80D0-4552-AA26-26AF7E0E828B}.Release|Any CPU.ActiveCfg = Release|Any CPU
		{03DBBA15-80D0-4552-AA26-26AF7E0E828B}.Release|Any CPU.Build.0 = Release|Any CPU
	EndGlobalSection
	GlobalSection(SolutionProperties) = preSolution
		HideSolutionNode = FALSE
	EndGlobalSection
	GlobalSection(ExtensibilityGlobals) = postSolution
		SolutionGuid = {B5F71A56-4064-4079-BC5C-92B80BBE9A63}
	EndGlobalSection
EndGlobal
